
Microsoft Visual Studio Solution File, Format Version 12.00
# Visual Studio Version 16
VisualStudioVersion = 16.0.30717.126
MinimumVisualStudioVersion = 10.0.40219.1
Project("{FAE04EC0-301F-11D3-BF4B-00C04F79EFBC}") = "FinalJob", "FinalJob\FinalJob.csproj", "{84748BB2-821A-45AF-844E-3D4C50F05F76}"
EndProject
Global
	GlobalSection(SolutionConfigurationPlatforms) = preSolution
		Debug|Any CPU = Debug|Any CPU
		Release|Any CPU = Release|Any CPU
	EndGlobalSection
	GlobalSection(ProjectConfigurationPlatforms) = postSolution
		{84748BB2-821A-45AF-844E-3D4C50F05F76}.Debug|Any CPU.ActiveCfg = Debug|Any CPU
		{84748BB2-821A-45AF-844E-3D4C50F05F76}.Debug|Any CPU.Build.0 = Debug|Any CPU
		{84748BB2-821A-45AF-844E-3D4C50F05F76}.Release|Any CPU.ActiveCfg = Release|Any CPU
		{84748BB2-821A-45AF-844E-3D4C50F05F76}.Release|Any CPU.Build.0 = Release|Any CPU
	EndGlobalSection
	GlobalSection(SolutionProperties) = preSolution
		HideSolutionNode = FALSE
	EndGlobalSection
	GlobalSection(ExtensibilityGlobals) = postSolution
		SolutionGuid = {7C6272F7-1F00-4825-9BDB-82B778D05CBF}
	EndGlobalSection
EndGlobal
